
Microsoft Visual Studio Solution File, Format Version 12.00
# Visual Studio Version 17
VisualStudioVersion = 17.2.32630.192
MinimumVisualStudioVersion = 10.0.40219.1
Project("{FAE04EC0-301F-11D3-BF4B-00C04F79EFBC}") = "Reactivities.API", "Reactivities.API\Reactivities.API.csproj", "{9AD370AE-13CF-4E63-A43F-B9AFBF9DB7A0}"
EndProject
Project("{FAE04EC0-301F-11D3-BF4B-00C04F79EFBC}") = "Reactivities.Core", "Reactivities.Core\Reactivities.Core.csproj", "{A87BC1FE-F8A5-4D84-B13A-526C4347ED37}"
EndProject
Project("{FAE04EC0-301F-11D3-BF4B-00C04F79EFBC}") = "Reactivities.Application", "Reactivities.Application\Reactivities.Application.csproj", "{21ECC9FF-8937-4677-8CF9-1861B44CD184}"
EndProject
Project("{FAE04EC0-301F-11D3-BF4B-00C04F79EFBC}") = "Reactivities.Persistence", "Reactivities.Persistence\Reactivities.Persistence.csproj", "{19ADE42B-8BFB-4140-B0BB-D7420EB05B84}"
EndProject
Global
	GlobalSection(SolutionConfigurationPlatforms) = preSolution
		Debug|Any CPU = Debug|Any CPU
		Release|Any CPU = Release|Any CPU
	EndGlobalSection
	GlobalSection(ProjectConfigurationPlatforms) = postSolution
		{9AD370AE-13CF-4E63-A43F-B9AFBF9DB7A0}.Debug|Any CPU.ActiveCfg = Debug|Any CPU
		{9AD370AE-13CF-4E63-A43F-B9AFBF9DB7A0}.Debug|Any CPU.Build.0 = Debug|Any CPU
		{9AD370AE-13CF-4E63-A43F-B9AFBF9DB7A0}.Release|Any CPU.ActiveCfg = Release|Any CPU
		{9AD370AE-13CF-4E63-A43F-B9AFBF9DB7A0}.Release|Any CPU.Build.0 = Release|Any CPU
		{A87BC1FE-F8A5-4D84-B13A-526C4347ED37}.Debug|Any CPU.ActiveCfg = Debug|Any CPU
		{A87BC1FE-F8A5-4D84-B13A-526C4347ED37}.Debug|Any CPU.Build.0 = Debug|Any CPU
		{A87BC1FE-F8A5-4D84-B13A-526C4347ED37}.Release|Any CPU.ActiveCfg = Release|Any CPU
		{A87BC1FE-F8A5-4D84-B13A-526C4347ED37}.Release|Any CPU.Build.0 = Release|Any CPU
		{21ECC9FF-8937-4677-8CF9-1861B44CD184}.Debug|Any CPU.ActiveCfg = Debug|Any CPU
		{21ECC9FF-8937-4677-8CF9-1861B44CD184}.Debug|Any CPU.Build.0 = Debug|Any CPU
		{21ECC9FF-8937-4677-8CF9-1861B44CD184}.Release|Any CPU.ActiveCfg = Release|Any CPU
		{21ECC9FF-8937-4677-8CF9-1861B44CD184}.Release|Any CPU.Build.0 = Release|Any CPU
		{19ADE42B-8BFB-4140-B0BB-D7420EB05B84}.Debug|Any CPU.ActiveCfg = Debug|Any CPU
		{19ADE42B-8BFB-4140-B0BB-D7420EB05B84}.Debug|Any CPU.Build.0 = Debug|Any CPU
		{19ADE42B-8BFB-4140-B0BB-D7420EB05B84}.Release|Any CPU.ActiveCfg = Release|Any CPU
		{19ADE42B-8BFB-4140-B0BB-D7420EB05B84}.Release|Any CPU.Build.0 = Release|Any CPU
	EndGlobalSection
	GlobalSection(SolutionProperties) = preSolution
		HideSolutionNode = FALSE
	EndGlobalSection
	GlobalSection(ExtensibilityGlobals) = postSolution
		SolutionGuid = {C03A8F0F-DB6C-48DB-8DF1-E6A76913D1E6}
	EndGlobalSection
EndGlobal
